// !$*UTF8*$!
{
	archiveVersion = 1;
	classes = {
	};
	objectVersion = 46;
	objects = {

/* Begin PBXBuildFile section */
		194D0F101D48B56100827F3C /* MenuView.m in Sources */ = {isa = PBXBuildFile; fileRef = 194D0F0F1D48B56100827F3C /* MenuView.m */; };
		19E5BBF51D3F331600C1A1A9 /* main.m in Sources */ = {isa = PBXBuildFile; fileRef = 19E5BBF41D3F331600C1A1A9 /* main.m */; };
		19E5BBF81D3F331600C1A1A9 /* AppDelegate.m in Sources */ = {isa = PBXBuildFile; fileRef = 19E5BBF71D3F331600C1A1A9 /* AppDelegate.m */; };
		19E5BBFE1D3F331600C1A1A9 /* Main.storyboard in Resources */ = {isa = PBXBuildFile; fileRef = 19E5BBFC1D3F331600C1A1A9 /* Main.storyboard */; };
		19E5BC001D3F331600C1A1A9 /* Assets.xcassets in Resources */ = {isa = PBXBuildFile; fileRef = 19E5BBFF1D3F331600C1A1A9 /* Assets.xcassets */; };
		19E5BC031D3F331600C1A1A9 /* LaunchScreen.storyboard in Resources */ = {isa = PBXBuildFile; fileRef = 19E5BC011D3F331600C1A1A9 /* LaunchScreen.storyboard */; };
		19E5BC0E1D3F331600C1A1A9 /* DongGuanDaDiTests.m in Sources */ = {isa = PBXBuildFile; fileRef = 19E5BC0D1D3F331600C1A1A9 /* DongGuanDaDiTests.m */; };
		19E5BC191D3F331600C1A1A9 /* DongGuanDaDiUITests.m in Sources */ = {isa = PBXBuildFile; fileRef = 19E5BC181D3F331600C1A1A9 /* DongGuanDaDiUITests.m */; };
		19E5BC281D3F344500C1A1A9 /* LoginViewController.m in Sources */ = {isa = PBXBuildFile; fileRef = 19E5BC271D3F344500C1A1A9 /* LoginViewController.m */; };
		19E5BC2B1D3F391C00C1A1A9 /* MainViewController.m in Sources */ = {isa = PBXBuildFile; fileRef = 19E5BC2A1D3F391C00C1A1A9 /* MainViewController.m */; };
		19E8D6671D4C9132005A6DB4 /* CarDetailCell.m in Sources */ = {isa = PBXBuildFile; fileRef = 19E8D6661D4C9132005A6DB4 /* CarDetailCell.m */; };
		19E8D66A1D4C9C22005A6DB4 /* ModifyPerInfoTableViewController.m in Sources */ = {isa = PBXBuildFile; fileRef = 19E8D6691D4C9C22005A6DB4 /* ModifyPerInfoTableViewController.m */; };
		D721E80B1D4CBEAA00A73D9D /* ModifyPassTableViewController.m in Sources */ = {isa = PBXBuildFile; fileRef = D721E80A1D4CBEAA00A73D9D /* ModifyPassTableViewController.m */; };
		D79FCE561D4273E100BE99BB /* DinnerViewController.m in Sources */ = {isa = PBXBuildFile; fileRef = D79FCE551D4273E100BE99BB /* DinnerViewController.m */; };
		D79FCE5A1D4274BA00BE99BB /* CarsTableViewController.m in Sources */ = {isa = PBXBuildFile; fileRef = D79FCE591D4274BA00BE99BB /* CarsTableViewController.m */; };
		D79FCE5E1D42754F00BE99BB /* AddressListTableViewController.m in Sources */ = {isa = PBXBuildFile; fileRef = D79FCE5D1D42754F00BE99BB /* AddressListTableViewController.m */; };
		D79FCE621D42757400BE99BB /* PersonalTableViewController.m in Sources */ = {isa = PBXBuildFile; fileRef = D79FCE611D42757400BE99BB /* PersonalTableViewController.m */; };
		D7AF7A0A1D436942005EA6DE /* ASDayPicker.m in Sources */ = {isa = PBXBuildFile; fileRef = D7AF7A091D436942005EA6DE /* ASDayPicker.m */; };
		D7D4F50E1D410B16005A7729 /* MainViewCell.m in Sources */ = {isa = PBXBuildFile; fileRef = D7D4F50D1D410B16005A7729 /* MainViewCell.m */; };
/* End PBXBuildFile section */

/* Begin PBXContainerItemProxy section */
		19E5BC0A1D3F331600C1A1A9 /* PBXContainerItemProxy */ = {
			isa = PBXContainerItemProxy;
			containerPortal = 19E5BBE81D3F331600C1A1A9 /* Project object */;
			proxyType = 1;
			remoteGlobalIDString = 19E5BBEF1D3F331600C1A1A9;
			remoteInfo = DongGuanDaDi;
		};
		19E5BC151D3F331600C1A1A9 /* PBXContainerItemProxy */ = {
			isa = PBXContainerItemProxy;
			containerPortal = 19E5BBE81D3F331600C1A1A9 /* Project object */;
			proxyType = 1;
			remoteGlobalIDString = 19E5BBEF1D3F331600C1A1A9;
			remoteInfo = DongGuanDaDi;
		};
/* End PBXContainerItemProxy section */

/* Begin PBXFileReference section */
		194D0F0E1D48B56100827F3C /* MenuView.h */ = {isa = PBXFileReference; fileEncoding = 4; lastKnownFileType = sourcecode.c.h; path = MenuView.h; sourceTree = "<group>"; };
		194D0F0F1D48B56100827F3C /* MenuView.m */ = {isa = PBXFileReference; fileEncoding = 4; lastKnownFileType = sourcecode.c.objc; path = MenuView.m; sourceTree = "<group>"; };
		19E5BBF01D3F331600C1A1A9 /* DongGuanDaDi.app */ = {isa = PBXFileReference; explicitFileType = wrapper.application; includeInIndex = 0; path = DongGuanDaDi.app; sourceTree = BUILT_PRODUCTS_DIR; };
		19E5BBF41D3F331600C1A1A9 /* main.m */ = {isa = PBXFileReference; lastKnownFileType = sourcecode.c.objc; path = main.m; sourceTree = "<group>"; };
		19E5BBF61D3F331600C1A1A9 /* AppDelegate.h */ = {isa = PBXFileReference; lastKnownFileType = sourcecode.c.h; path = AppDelegate.h; sourceTree = "<group>"; };
		19E5BBF71D3F331600C1A1A9 /* AppDelegate.m */ = {isa = PBXFileReference; lastKnownFileType = sourcecode.c.objc; path = AppDelegate.m; sourceTree = "<group>"; };
		19E5BBFD1D3F331600C1A1A9 /* Base */ = {isa = PBXFileReference; lastKnownFileType = file.storyboard; name = Base; path = Base.lproj/Main.storyboard; sourceTree = "<group>"; };
		19E5BBFF1D3F331600C1A1A9 /* Assets.xcassets */ = {isa = PBXFileReference; lastKnownFileType = folder.assetcatalog; path = Assets.xcassets; sourceTree = "<group>"; };
		19E5BC021D3F331600C1A1A9 /* Base */ = {isa = PBXFileReference; lastKnownFileType = file.storyboard; name = Base; path = Base.lproj/LaunchScreen.storyboard; sourceTree = "<group>"; };
		19E5BC041D3F331600C1A1A9 /* Info.plist */ = {isa = PBXFileReference; lastKnownFileType = text.plist.xml; path = Info.plist; sourceTree = "<group>"; };
		19E5BC091D3F331600C1A1A9 /* DongGuanDaDiTests.xctest */ = {isa = PBXFileReference; explicitFileType = wrapper.cfbundle; includeInIndex = 0; path = DongGuanDaDiTests.xctest; sourceTree = BUILT_PRODUCTS_DIR; };
		19E5BC0D1D3F331600C1A1A9 /* DongGuanDaDiTests.m */ = {isa = PBXFileReference; lastKnownFileType = sourcecode.c.objc; path = DongGuanDaDiTests.m; sourceTree = "<group>"; };
		19E5BC0F1D3F331600C1A1A9 /* Info.plist */ = {isa = PBXFileReference; lastKnownFileType = text.plist.xml; path = Info.plist; sourceTree = "<group>"; };
		19E5BC141D3F331600C1A1A9 /* DongGuanDaDiUITests.xctest */ = {isa = PBXFileReference; explicitFileType = wrapper.cfbundle; includeInIndex = 0; path = DongGuanDaDiUITests.xctest; sourceTree = BUILT_PRODUCTS_DIR; };
		19E5BC181D3F331600C1A1A9 /* DongGuanDaDiUITests.m */ = {isa = PBXFileReference; lastKnownFileType = sourcecode.c.objc; path = DongGuanDaDiUITests.m; sourceTree = "<group>"; };
		19E5BC1A1D3F331600C1A1A9 /* Info.plist */ = {isa = PBXFileReference; lastKnownFileType = text.plist.xml; path = Info.plist; sourceTree = "<group>"; };
		19E5BC261D3F344500C1A1A9 /* LoginViewController.h */ = {isa = PBXFileReference; fileEncoding = 4; lastKnownFileType = sourcecode.c.h; path = LoginViewController.h; sourceTree = "<group>"; };
		19E5BC271D3F344500C1A1A9 /* LoginViewController.m */ = {isa = PBXFileReference; fileEncoding = 4; lastKnownFileType = sourcecode.c.objc; path = LoginViewController.m; sourceTree = "<group>"; };
		19E5BC291D3F391C00C1A1A9 /* MainViewController.h */ = {isa = PBXFileReference; fileEncoding = 4; lastKnownFileType = sourcecode.c.h; path = MainViewController.h; sourceTree = "<group>"; };
		19E5BC2A1D3F391C00C1A1A9 /* MainViewController.m */ = {isa = PBXFileReference; fileEncoding = 4; lastKnownFileType = sourcecode.c.objc; path = MainViewController.m; sourceTree = "<group>"; };
		19E8D6651D4C9132005A6DB4 /* CarDetailCell.h */ = {isa = PBXFileReference; fileEncoding = 4; lastKnownFileType = sourcecode.c.h; path = CarDetailCell.h; sourceTree = "<group>"; };
		19E8D6661D4C9132005A6DB4 /* CarDetailCell.m */ = {isa = PBXFileReference; fileEncoding = 4; lastKnownFileType = sourcecode.c.objc; path = CarDetailCell.m; sourceTree = "<group>"; };
		19E8D6681D4C9C22005A6DB4 /* ModifyPerInfoTableViewController.h */ = {isa = PBXFileReference; fileEncoding = 4; lastKnownFileType = sourcecode.c.h; path = ModifyPerInfoTableViewController.h; sourceTree = "<group>"; };
		19E8D6691D4C9C22005A6DB4 /* ModifyPerInfoTableViewController.m */ = {isa = PBXFileReference; fileEncoding = 4; lastKnownFileType = sourcecode.c.objc; path = ModifyPerInfoTableViewController.m; sourceTree = "<group>"; };
		D721E8091D4CBEAA00A73D9D /* ModifyPassTableViewController.h */ = {isa = PBXFileReference; fileEncoding = 4; lastKnownFileType = sourcecode.c.h; path = ModifyPassTableViewController.h; sourceTree = "<group>"; };
		D721E80A1D4CBEAA00A73D9D /* ModifyPassTableViewController.m */ = {isa = PBXFileReference; fileEncoding = 4; lastKnownFileType = sourcecode.c.objc; path = ModifyPassTableViewController.m; sourceTree = "<group>"; };
		D79FCE541D4273E100BE99BB /* DinnerViewController.h */ = {isa = PBXFileReference; fileEncoding = 4; lastKnownFileType = sourcecode.c.h; path = DinnerViewController.h; sourceTree = "<group>"; };
		D79FCE551D4273E100BE99BB /* DinnerViewController.m */ = {isa = PBXFileReference; fileEncoding = 4; lastKnownFileType = sourcecode.c.objc; path = DinnerViewController.m; sourceTree = "<group>"; };
		D79FCE581D4274BA00BE99BB /* CarsTableViewController.h */ = {isa = PBXFileReference; fileEncoding = 4; lastKnownFileType = sourcecode.c.h; path = CarsTableViewController.h; sourceTree = "<group>"; };
		D79FCE591D4274BA00BE99BB /* CarsTableViewController.m */ = {isa = PBXFileReference; fileEncoding = 4; lastKnownFileType = sourcecode.c.objc; path = CarsTableViewController.m; sourceTree = "<group>"; };
		D79FCE5C1D42754F00BE99BB /* AddressListTableViewController.h */ = {isa = PBXFileReference; fileEncoding = 4; lastKnownFileType = sourcecode.c.h; path = AddressListTableViewController.h; sourceTree = "<group>"; };
		D79FCE5D1D42754F00BE99BB /* AddressListTableViewController.m */ = {isa = PBXFileReference; fileEncoding = 4; lastKnownFileType = sourcecode.c.objc; path = AddressListTableViewController.m; sourceTree = "<group>"; };
		D79FCE601D42757400BE99BB /* PersonalTableViewController.h */ = {isa = PBXFileReference; fileEncoding = 4; lastKnownFileType = sourcecode.c.h; path = PersonalTableViewController.h; sourceTree = "<group>"; };
		D79FCE611D42757400BE99BB /* PersonalTableViewController.m */ = {isa = PBXFileReference; fileEncoding = 4; lastKnownFileType = sourcecode.c.objc; path = PersonalTableViewController.m; sourceTree = "<group>"; };
		D7AF7A081D436942005EA6DE /* ASDayPicker.h */ = {isa = PBXFileReference; fileEncoding = 4; lastKnownFileType = sourcecode.c.h; path = ASDayPicker.h; sourceTree = "<group>"; };
		D7AF7A091D436942005EA6DE /* ASDayPicker.m */ = {isa = PBXFileReference; fileEncoding = 4; lastKnownFileType = sourcecode.c.objc; path = ASDayPicker.m; sourceTree = "<group>"; };
		D7D4F50C1D410B16005A7729 /* MainViewCell.h */ = {isa = PBXFileReference; fileEncoding = 4; lastKnownFileType = sourcecode.c.h; path = MainViewCell.h; sourceTree = "<group>"; };
		D7D4F50D1D410B16005A7729 /* MainViewCell.m */ = {isa = PBXFileReference; fileEncoding = 4; lastKnownFileType = sourcecode.c.objc; path = MainViewCell.m; sourceTree = "<group>"; };
/* End PBXFileReference section */

/* Begin PBXFrameworksBuildPhase section */
		19E5BBED1D3F331600C1A1A9 /* Frameworks */ = {
			isa = PBXFrameworksBuildPhase;
			buildActionMask = 2147483647;
			files = (
			);
			runOnlyForDeploymentPostprocessing = 0;
		};
		19E5BC061D3F331600C1A1A9 /* Frameworks */ = {
			isa = PBXFrameworksBuildPhase;
			buildActionMask = 2147483647;
			files = (
			);
			runOnlyForDeploymentPostprocessing = 0;
		};
		19E5BC111D3F331600C1A1A9 /* Frameworks */ = {
			isa = PBXFrameworksBuildPhase;
			buildActionMask = 2147483647;
			files = (
			);
			runOnlyForDeploymentPostprocessing = 0;
		};
/* End PBXFrameworksBuildPhase section */

/* Begin PBXGroup section */
		19E5BBE71D3F331600C1A1A9 = {
			isa = PBXGroup;
			children = (
				19E5BBF21D3F331600C1A1A9 /* DongGuanDaDi */,
				19E5BC0C1D3F331600C1A1A9 /* DongGuanDaDiTests */,
				19E5BC171D3F331600C1A1A9 /* DongGuanDaDiUITests */,
				19E5BBF11D3F331600C1A1A9 /* Products */,
			);
			sourceTree = "<group>";
		};
		19E5BBF11D3F331600C1A1A9 /* Products */ = {
			isa = PBXGroup;
			children = (
				19E5BBF01D3F331600C1A1A9 /* DongGuanDaDi.app */,
				19E5BC091D3F331600C1A1A9 /* DongGuanDaDiTests.xctest */,
				19E5BC141D3F331600C1A1A9 /* DongGuanDaDiUITests.xctest */,
			);
			name = Products;
			sourceTree = "<group>";
		};
		19E5BBF21D3F331600C1A1A9 /* DongGuanDaDi */ = {
			isa = PBXGroup;
			children = (
				D79FCE631D42775000BE99BB /* utils */,
				D79FCE5F1D42755E00BE99BB /* personal */,
				D79FCE5B1D42753000BE99BB /* address_list */,
				D79FCE571D4274A800BE99BB /* cars */,
				D79FCE4D1D4271CF00BE99BB /* dinner */,
				19E5BBF61D3F331600C1A1A9 /* AppDelegate.h */,
				19E5BBF71D3F331600C1A1A9 /* AppDelegate.m */,
				19E5BC261D3F344500C1A1A9 /* LoginViewController.h */,
				19E5BC271D3F344500C1A1A9 /* LoginViewController.m */,
				19E5BC291D3F391C00C1A1A9 /* MainViewController.h */,
				19E5BC2A1D3F391C00C1A1A9 /* MainViewController.m */,
				D7D4F50C1D410B16005A7729 /* MainViewCell.h */,
				D7D4F50D1D410B16005A7729 /* MainViewCell.m */,
				19E5BBFC1D3F331600C1A1A9 /* Main.storyboard */,
				19E5BBFF1D3F331600C1A1A9 /* Assets.xcassets */,
				19E5BC011D3F331600C1A1A9 /* LaunchScreen.storyboard */,
				19E5BC041D3F331600C1A1A9 /* Info.plist */,
				19E5BBF31D3F331600C1A1A9 /* Supporting Files */,
			);
			path = DongGuanDaDi;
			sourceTree = "<group>";
		};
		19E5BBF31D3F331600C1A1A9 /* Supporting Files */ = {
			isa = PBXGroup;
			children = (
				19E5BBF41D3F331600C1A1A9 /* main.m */,
			);
			name = "Supporting Files";
			sourceTree = "<group>";
		};
		19E5BC0C1D3F331600C1A1A9 /* DongGuanDaDiTests */ = {
			isa = PBXGroup;
			children = (
				19E5BC0D1D3F331600C1A1A9 /* DongGuanDaDiTests.m */,
				19E5BC0F1D3F331600C1A1A9 /* Info.plist */,
			);
			path = DongGuanDaDiTests;
			sourceTree = "<group>";
		};
		19E5BC171D3F331600C1A1A9 /* DongGuanDaDiUITests */ = {
			isa = PBXGroup;
			children = (
				19E5BC181D3F331600C1A1A9 /* DongGuanDaDiUITests.m */,
				19E5BC1A1D3F331600C1A1A9 /* Info.plist */,
			);
			path = DongGuanDaDiUITests;
			sourceTree = "<group>";
		};
		D79FCE4D1D4271CF00BE99BB /* dinner */ = {
			isa = PBXGroup;
			children = (
				D7AF7A081D436942005EA6DE /* ASDayPicker.h */,
				D7AF7A091D436942005EA6DE /* ASDayPicker.m */,
				D79FCE541D4273E100BE99BB /* DinnerViewController.h */,
				D79FCE551D4273E100BE99BB /* DinnerViewController.m */,
				194D0F0E1D48B56100827F3C /* MenuView.h */,
				194D0F0F1D48B56100827F3C /* MenuView.m */,
			);
			name = dinner;
			sourceTree = "<group>";
		};
		D79FCE571D4274A800BE99BB /* cars */ = {
			isa = PBXGroup;
			children = (
				D79FCE581D4274BA00BE99BB /* CarsTableViewController.h */,
				D79FCE591D4274BA00BE99BB /* CarsTableViewController.m */,
				19E8D6651D4C9132005A6DB4 /* CarDetailCell.h */,
				19E8D6661D4C9132005A6DB4 /* CarDetailCell.m */,
			);
			name = cars;
			sourceTree = "<group>";
		};
		D79FCE5B1D42753000BE99BB /* address_list */ = {
			isa = PBXGroup;
			children = (
				D79FCE5C1D42754F00BE99BB /* AddressListTableViewController.h */,
				D79FCE5D1D42754F00BE99BB /* AddressListTableViewController.m */,
			);
			name = address_list;
			sourceTree = "<group>";
		};
		D79FCE5F1D42755E00BE99BB /* personal */ = {
			isa = PBXGroup;
			children = (
				D721E8091D4CBEAA00A73D9D /* ModifyPassTableViewController.h */,
				D721E80A1D4CBEAA00A73D9D /* ModifyPassTableViewController.m */,
				19E8D6681D4C9C22005A6DB4 /* ModifyPerInfoTableViewController.h */,
				19E8D6691D4C9C22005A6DB4 /* ModifyPerInfoTableViewController.m */,
				D79FCE601D42757400BE99BB /* PersonalTableViewController.h */,
				D79FCE611D42757400BE99BB /* PersonalTableViewController.m */,
			);
			name = personal;
			sourceTree = "<group>";
		};
		D79FCE631D42775000BE99BB /* utils */ = {
			isa = PBXGroup;
			children = (
			);
			name = utils;
			sourceTree = "<group>";
		};
/* End PBXGroup section */

/* Begin PBXNativeTarget section */
		19E5BBEF1D3F331600C1A1A9 /* DongGuanDaDi */ = {
			isa = PBXNativeTarget;
			buildConfigurationList = 19E5BC1D1D3F331600C1A1A9 /* Build configuration list for PBXNativeTarget "DongGuanDaDi" */;
			buildPhases = (
				19E5BBEC1D3F331600C1A1A9 /* Sources */,
				19E5BBED1D3F331600C1A1A9 /* Frameworks */,
				19E5BBEE1D3F331600C1A1A9 /* Resources */,
			);
			buildRules = (
			);
			dependencies = (
			);
			name = DongGuanDaDi;
			productName = DongGuanDaDi;
			productReference = 19E5BBF01D3F331600C1A1A9 /* DongGuanDaDi.app */;
			productType = "com.apple.product-type.application";
		};
		19E5BC081D3F331600C1A1A9 /* DongGuanDaDiTests */ = {
			isa = PBXNativeTarget;
			buildConfigurationList = 19E5BC201D3F331600C1A1A9 /* Build configuration list for PBXNativeTarget "DongGuanDaDiTests" */;
			buildPhases = (
				19E5BC051D3F331600C1A1A9 /* Sources */,
				19E5BC061D3F331600C1A1A9 /* Frameworks */,
				19E5BC071D3F331600C1A1A9 /* Resources */,
			);
			buildRules = (
			);
			dependencies = (
				19E5BC0B1D3F331600C1A1A9 /* PBXTargetDependency */,
			);
			name = DongGuanDaDiTests;
			productName = DongGuanDaDiTests;
			productReference = 19E5BC091D3F331600C1A1A9 /* DongGuanDaDiTests.xctest */;
			productType = "com.apple.product-type.bundle.unit-test";
		};
		19E5BC131D3F331600C1A1A9 /* DongGuanDaDiUITests */ = {
			isa = PBXNativeTarget;
			buildConfigurationList = 19E5BC231D3F331600C1A1A9 /* Build configuration list for PBXNativeTarget "DongGuanDaDiUITests" */;
			buildPhases = (
				19E5BC101D3F331600C1A1A9 /* Sources */,
				19E5BC111D3F331600C1A1A9 /* Frameworks */,
				19E5BC121D3F331600C1A1A9 /* Resources */,
			);
			buildRules = (
			);
			dependencies = (
				19E5BC161D3F331600C1A1A9 /* PBXTargetDependency */,
			);
			name = DongGuanDaDiUITests;
			productName = DongGuanDaDiUITests;
			productReference = 19E5BC141D3F331600C1A1A9 /* DongGuanDaDiUITests.xctest */;
			productType = "com.apple.product-type.bundle.ui-testing";
		};
/* End PBXNativeTarget section */

/* Begin PBXProject section */
		19E5BBE81D3F331600C1A1A9 /* Project object */ = {
			isa = PBXProject;
			attributes = {
				LastUpgradeCheck = 0730;
				ORGANIZATIONNAME = fanyl;
				TargetAttributes = {
					19E5BBEF1D3F331600C1A1A9 = {
						CreatedOnToolsVersion = 7.3;
					};
					19E5BC081D3F331600C1A1A9 = {
						CreatedOnToolsVersion = 7.3;
						TestTargetID = 19E5BBEF1D3F331600C1A1A9;
					};
					19E5BC131D3F331600C1A1A9 = {
						CreatedOnToolsVersion = 7.3;
						TestTargetID = 19E5BBEF1D3F331600C1A1A9;
					};
				};
			};
			buildConfigurationList = 19E5BBEB1D3F331600C1A1A9 /* Build configuration list for PBXProject "DongGuanDaDi" */;
			compatibilityVersion = "Xcode 3.2";
			developmentRegion = English;
			hasScannedForEncodings = 0;
			knownRegions = (
				en,
				Base,
			);
			mainGroup = 19E5BBE71D3F331600C1A1A9;
			productRefGroup = 19E5BBF11D3F331600C1A1A9 /* Products */;
			projectDirPath = "";
			projectRoot = "";
			targets = (
				19E5BBEF1D3F331600C1A1A9 /* DongGuanDaDi */,
				19E5BC081D3F331600C1A1A9 /* DongGuanDaDiTests */,
				19E5BC131D3F331600C1A1A9 /* DongGuanDaDiUITests */,
			);
		};
/* End PBXProject section */

/* Begin PBXResourcesBuildPhase section */
		19E5BBEE1D3F331600C1A1A9 /* Resources */ = {
			isa = PBXResourcesBuildPhase;
			buildActionMask = 2147483647;
			files = (
				19E5BC031D3F331600C1A1A9 /* LaunchScreen.storyboard in Resources */,
				19E5BC001D3F331600C1A1A9 /* Assets.xcassets in Resources */,
				19E5BBFE1D3F331600C1A1A9 /* Main.storyboard in Resources */,
			);
			runOnlyForDeploymentPostprocessing = 0;
		};
		19E5BC071D3F331600C1A1A9 /* Resources */ = {
			isa = PBXResourcesBuildPhase;
			buildActionMask = 2147483647;
			files = (
			);
			runOnlyForDeploymentPostprocessing = 0;
		};
		19E5BC121D3F331600C1A1A9 /* Resources */ = {
			isa = PBXResourcesBuildPhase;
			buildActionMask = 2147483647;
			files = (
			);
			runOnlyForDeploymentPostprocessing = 0;
		};
/* End PBXResourcesBuildPhase section */

/* Begin PBXSourcesBuildPhase section */
		19E5BBEC1D3F331600C1A1A9 /* Sources */ = {
			isa = PBXSourcesBuildPhase;
			buildActionMask = 2147483647;
			files = (
				D79FCE5E1D42754F00BE99BB /* AddressListTableViewController.m in Sources */,
				19E5BBF81D3F331600C1A1A9 /* AppDelegate.m in Sources */,
				D79FCE5A1D4274BA00BE99BB /* CarsTableViewController.m in Sources */,
				19E8D6671D4C9132005A6DB4 /* CarDetailCell.m in Sources */,
				D721E80B1D4CBEAA00A73D9D /* ModifyPassTableViewController.m in Sources */,
				19E5BBF51D3F331600C1A1A9 /* main.m in Sources */,
				D7AF7A0A1D436942005EA6DE /* ASDayPicker.m in Sources */,
				19E5BC281D3F344500C1A1A9 /* LoginViewController.m in Sources */,
				194D0F101D48B56100827F3C /* MenuView.m in Sources */,
				D7D4F50E1D410B16005A7729 /* MainViewCell.m in Sources */,
				D79FCE561D4273E100BE99BB /* DinnerViewController.m in Sources */,
				19E5BC2B1D3F391C00C1A1A9 /* MainViewController.m in Sources */,
				D79FCE621D42757400BE99BB /* PersonalTableViewController.m in Sources */,
				19E8D66A1D4C9C22005A6DB4 /* ModifyPerInfoTableViewController.m in Sources */,
			);
			runOnlyForDeploymentPostprocessing = 0;
		};
		19E5BC051D3F331600C1A1A9 /* Sources */ = {
			isa = PBXSourcesBuildPhase;
			buildActionMask = 2147483647;
			files = (
				19E5BC0E1D3F331600C1A1A9 /* DongGuanDaDiTests.m in Sources */,
			);
			runOnlyForDeploymentPostprocessing = 0;
		};
		19E5BC101D3F331600C1A1A9 /* Sources */ = {
			isa = PBXSourcesBuildPhase;
			buildActionMask = 2147483647;
			files = (
				19E5BC191D3F331600C1A1A9 /* DongGuanDaDiUITests.m in Sources */,
			);
			runOnlyForDeploymentPostprocessing = 0;
		};
/* End PBXSourcesBuildPhase section */

/* Begin PBXTargetDependency section */
		19E5BC0B1D3F331600C1A1A9 /* PBXTargetDependency */ = {
			isa = PBXTargetDependency;
			target = 19E5BBEF1D3F331600C1A1A9 /* DongGuanDaDi */;
			targetProxy = 19E5BC0A1D3F331600C1A1A9 /* PBXContainerItemProxy */;
		};
		19E5BC161D3F331600C1A1A9 /* PBXTargetDependency */ = {
			isa = PBXTargetDependency;
			target = 19E5BBEF1D3F331600C1A1A9 /* DongGuanDaDi */;
			targetProxy = 19E5BC151D3F331600C1A1A9 /* PBXContainerItemProxy */;
		};
/* End PBXTargetDependency section */

/* Begin PBXVariantGroup section */
		19E5BBFC1D3F331600C1A1A9 /* Main.storyboard */ = {
			isa = PBXVariantGroup;
			children = (
				19E5BBFD1D3F331600C1A1A9 /* Base */,
			);
			name = Main.storyboard;
			sourceTree = "<group>";
		};
		19E5BC011D3F331600C1A1A9 /* LaunchScreen.storyboard */ = {
			isa = PBXVariantGroup;
			children = (
				19E5BC021D3F331600C1A1A9 /* Base */,
			);
			name = LaunchScreen.storyboard;
			sourceTree = "<group>";
		};
/* End PBXVariantGroup section */

/* Begin XCBuildConfiguration section */
		19E5BC1B1D3F331600C1A1A9 /* Debug */ = {
			isa = XCBuildConfiguration;
			buildSettings = {
				ALWAYS_SEARCH_USER_PATHS = NO;
				CLANG_ANALYZER_NONNULL = YES;
				CLANG_CXX_LANGUAGE_STANDARD = "gnu++0x";
				CLANG_CXX_LIBRARY = "libc++";
				CLANG_ENABLE_MODULES = YES;
				CLANG_ENABLE_OBJC_ARC = YES;
				CLANG_WARN_BOOL_CONVERSION = YES;
				CLANG_WARN_CONSTANT_CONVERSION = YES;
				CLANG_WARN_DIRECT_OBJC_ISA_USAGE = YES_ERROR;
				CLANG_WARN_EMPTY_BODY = YES;
				CLANG_WARN_ENUM_CONVERSION = YES;
				CLANG_WARN_INT_CONVERSION = YES;
				CLANG_WARN_OBJC_ROOT_CLASS = YES_ERROR;
				CLANG_WARN_UNREACHABLE_CODE = YES;
				CLANG_WARN__DUPLICATE_METHOD_MATCH = YES;
				"CODE_SIGN_IDENTITY[sdk=iphoneos*]" = "iPhone Developer";
				COPY_PHASE_STRIP = NO;
				DEBUG_INFORMATION_FORMAT = dwarf;
				ENABLE_STRICT_OBJC_MSGSEND = YES;
				ENABLE_TESTABILITY = YES;
				GCC_C_LANGUAGE_STANDARD = gnu99;
				GCC_DYNAMIC_NO_PIC = NO;
				GCC_NO_COMMON_BLOCKS = YES;
				GCC_OPTIMIZATION_LEVEL = 0;
				GCC_PREPROCESSOR_DEFINITIONS = (
					"DEBUG=1",
					"$(inherited)",
				);
				GCC_WARN_64_TO_32_BIT_CONVERSION = YES;
				GCC_WARN_ABOUT_RETURN_TYPE = YES_ERROR;
				GCC_WARN_UNDECLARED_SELECTOR = YES;
				GCC_WARN_UNINITIALIZED_AUTOS = YES_AGGRESSIVE;
				GCC_WARN_UNUSED_FUNCTION = YES;
				GCC_WARN_UNUSED_VARIABLE = YES;
				IPHONEOS_DEPLOYMENT_TARGET = 9.3;
				MTL_ENABLE_DEBUG_INFO = YES;
				ONLY_ACTIVE_ARCH = YES;
				SDKROOT = iphoneos;
				TARGETED_DEVICE_FAMILY = "1,2";
			};
			name = Debug;
		};
		19E5BC1C1D3F331600C1A1A9 /* Release */ = {
			isa = XCBuildConfiguration;
			buildSettings = {
				ALWAYS_SEARCH_USER_PATHS = NO;
				CLANG_ANALYZER_NONNULL = YES;
				CLANG_CXX_LANGUAGE_STANDARD = "gnu++0x";
				CLANG_CXX_LIBRARY = "libc++";
				CLANG_ENABLE_MODULES = YES;
				CLANG_ENABLE_OBJC_ARC = YES;
				CLANG_WARN_BOOL_CONVERSION = YES;
				CLANG_WARN_CONSTANT_CONVERSION = YES;
				CLANG_WARN_DIRECT_OBJC_ISA_USAGE = YES_ERROR;
				CLANG_WARN_EMPTY_BODY = YES;
				CLANG_WARN_ENUM_CONVERSION = YES;
				CLANG_WARN_INT_CONVERSION = YES;
				CLANG_WARN_OBJC_ROOT_CLASS = YES_ERROR;
				CLANG_WARN_UNREACHABLE_CODE = YES;
				CLANG_WARN__DUPLICATE_METHOD_MATCH = YES;
				"CODE_SIGN_IDENTITY[sdk=iphoneos*]" = "iPhone Developer";
				COPY_PHASE_STRIP = NO;
				DEBUG_INFORMATION_FORMAT = "dwarf-with-dsym";
				ENABLE_NS_ASSERTIONS = NO;
				ENABLE_STRICT_OBJC_MSGSEND = YES;
				GCC_C_LANGUAGE_STANDARD = gnu99;
				GCC_NO_COMMON_BLOCKS = YES;
				GCC_WARN_64_TO_32_BIT_CONVERSION = YES;
				GCC_WARN_ABOUT_RETURN_TYPE = YES_ERROR;
				GCC_WARN_UNDECLARED_SELECTOR = YES;
				GCC_WARN_UNINITIALIZED_AUTOS = YES_AGGRESSIVE;
				GCC_WARN_UNUSED_FUNCTION = YES;
				GCC_WARN_UNUSED_VARIABLE = YES;
				IPHONEOS_DEPLOYMENT_TARGET = 9.3;
				MTL_ENABLE_DEBUG_INFO = NO;
				SDKROOT = iphoneos;
				TARGETED_DEVICE_FAMILY = "1,2";
				VALIDATE_PRODUCT = YES;
			};
			name = Release;
		};
		19E5BC1E1D3F331600C1A1A9 /* Debug */ = {
			isa = XCBuildConfiguration;
			buildSettings = {
				ASSETCATALOG_COMPILER_APPICON_NAME = AppIcon;
				INFOPLIST_FILE = DongGuanDaDi/Info.plist;
				LD_RUNPATH_SEARCH_PATHS = "$(inherited) @executable_path/Frameworks";
				PRODUCT_BUNDLE_IDENTIFIER = com.snowball.DongGuanDaDi;
				PRODUCT_NAME = "$(TARGET_NAME)";
				TARGETED_DEVICE_FAMILY = "1,2";
			};
			name = Debug;
		};
		19E5BC1F1D3F331600C1A1A9 /* Release */ = {
			isa = XCBuildConfiguration;
			buildSettings = {
				ASSETCATALOG_COMPILER_APPICON_NAME = AppIcon;
				INFOPLIST_FILE = DongGuanDaDi/Info.plist;
				LD_RUNPATH_SEARCH_PATHS = "$(inherited) @executable_path/Frameworks";
				PRODUCT_BUNDLE_IDENTIFIER = com.snowball.DongGuanDaDi;
				PRODUCT_NAME = "$(TARGET_NAME)";
				TARGETED_DEVICE_FAMILY = "1,2";
			};
			name = Release;
		};
		19E5BC211D3F331600C1A1A9 /* Debug */ = {
			isa = XCBuildConfiguration;
			buildSettings = {
				BUNDLE_LOADER = "$(TEST_HOST)";
				INFOPLIST_FILE = DongGuanDaDiTests/Info.plist;
				LD_RUNPATH_SEARCH_PATHS = "$(inherited) @executable_path/Frameworks @loader_path/Frameworks";
				PRODUCT_BUNDLE_IDENTIFIER = com.snowball.DongGuanDaDiTests;
				PRODUCT_NAME = "$(TARGET_NAME)";
				TEST_HOST = "$(BUILT_PRODUCTS_DIR)/DongGuanDaDi.app/DongGuanDaDi";
			};
			name = Debug;
		};
		19E5BC221D3F331600C1A1A9 /* Release */ = {
			isa = XCBuildConfiguration;
			buildSettings = {
				BUNDLE_LOADER = "$(TEST_HOST)";
				INFOPLIST_FILE = DongGuanDaDiTests/Info.plist;
				LD_RUNPATH_SEARCH_PATHS = "$(inherited) @executable_path/Frameworks @loader_path/Frameworks";
				PRODUCT_BUNDLE_IDENTIFIER = com.snowball.DongGuanDaDiTests;
				PRODUCT_NAME = "$(TARGET_NAME)";
				TEST_HOST = "$(BUILT_PRODUCTS_DIR)/DongGuanDaDi.app/DongGuanDaDi";
			};
			name = Release;
		};
		19E5BC241D3F331600C1A1A9 /* Debug */ = {
			isa = XCBuildConfiguration;
			buildSettings = {
				INFOPLIST_FILE = DongGuanDaDiUITests/Info.plist;
				LD_RUNPATH_SEARCH_PATHS = "$(inherited) @executable_path/Frameworks @loader_path/Frameworks";
				PRODUCT_BUNDLE_IDENTIFIER = com.snowball.DongGuanDaDiUITests;
				PRODUCT_NAME = "$(TARGET_NAME)";
				TEST_TARGET_NAME = DongGuanDaDi;
			};
			name = Debug;
		};
		19E5BC251D3F331600C1A1A9 /* Release */ = {
			isa = XCBuildConfiguration;
			buildSettings = {
				INFOPLIST_FILE = DongGuanDaDiUITests/Info.plist;
				LD_RUNPATH_SEARCH_PATHS = "$(inherited) @executable_path/Frameworks @loader_path/Frameworks";
				PRODUCT_BUNDLE_IDENTIFIER = com.snowball.DongGuanDaDiUITests;
				PRODUCT_NAME = "$(TARGET_NAME)";
				TEST_TARGET_NAME = DongGuanDaDi;
			};
			name = Release;
		};
/* End XCBuildConfiguration section */

/* Begin XCConfigurationList section */
		19E5BBEB1D3F331600C1A1A9 /* Build configuration list for PBXProject "DongGuanDaDi" */ = {
			isa = XCConfigurationList;
			buildConfigurations = (
				19E5BC1B1D3F331600C1A1A9 /* Debug */,
				19E5BC1C1D3F331600C1A1A9 /* Release */,
			);
			defaultConfigurationIsVisible = 0;
			defaultConfigurationName = Release;
		};
		19E5BC1D1D3F331600C1A1A9 /* Build configuration list for PBXNativeTarget "DongGuanDaDi" */ = {
			isa = XCConfigurationList;
			buildConfigurations = (
				19E5BC1E1D3F331600C1A1A9 /* Debug */,
				19E5BC1F1D3F331600C1A1A9 /* Release */,
			);
			defaultConfigurationIsVisible = 0;
			defaultConfigurationName = Release;
		};
		19E5BC201D3F331600C1A1A9 /* Build configuration list for PBXNativeTarget "DongGuanDaDiTests" */ = {
			isa = XCConfigurationList;
			buildConfigurations = (
				19E5BC211D3F331600C1A1A9 /* Debug */,
				19E5BC221D3F331600C1A1A9 /* Release */,
			);
			defaultConfigurationIsVisible = 0;
			defaultConfigurationName = Release;
		};
		19E5BC231D3F331600C1A1A9 /* Build configuration list for PBXNativeTarget "DongGuanDaDiUITests" */ = {
			isa = XCConfigurationList;
			buildConfigurations = (
				19E5BC241D3F331600C1A1A9 /* Debug */,
				19E5BC251D3F331600C1A1A9 /* Release */,
			);
			defaultConfigurationIsVisible = 0;
			defaultConfigurationName = Release;
		};
/* End XCConfigurationList section */
	};
	rootObject = 19E5BBE81D3F331600C1A1A9 /* Project object */;
}
